<?xml version="1.0" encoding="utf-8"?>
<Project ToolsVersion="4.0" xmlns="http://schemas.microsoft.com/developer/msbuild/2003">
  <ItemGroup>
    <Filter Include="Source Files">
      <UniqueIdentifier>{4FC737F1-C7A5-4376-A066-2A32D752A2FF}</UniqueIdentifier>
      <Extensions>cpp;c;cc;cxx;def;odl;idl;hpj;bat;asm;asmx</Extensions>
    </Filter>
  </ItemGroup>
  <ItemGroup>
    <ClCompile Include="Tests.cpp">
      <Filter>Source Files</Filter>
    </ClCompile>
    <ClCompile Include="Tests2.cpp">
      <Filter>Source Files</Filter>
    </ClCompile>
    <ClCompile Include="Tests3.cpp">
      <Filter>Source Files</Filter>
    </ClCompile>
    <ClCompile Include="Tests4.cpp">
      <Filter>Source Files</Filter>
    </ClCompile>
    <ClCompile Include="Tests5.cpp">
      <Filter>Source Files</Filter>
    </ClCompile>
    <ClCompile Include="Tests6.cpp">
      <Filter>Source Files</Filter>
    </ClCompile>
    <ClCompile Include="Tests7.cpp">
      <Filter>Source Files</Filter>
    </ClCompile>
  </ItemGroup>
</Project>